{
  "version": "4",
  "specifiers": {
    "jsr:@db/redis@~0.37.1": "0.37.1",
    "jsr:@std/async@1": "1.0.9",
    "jsr:@std/bytes@1": "1.0.4",
    "jsr:@std/bytes@^1.0.2-rc.3": "1.0.4",
    "jsr:@std/collections@1": "1.0.9",
    "jsr:@std/io@0.224.5": "0.224.5",
    "jsr:@std/random@0.1.0": "0.1.0",
    "npm:cluster-key-slot@1.1.0": "1.1.0"
  },
  "jsr": {
    "@db/redis@0.37.1": {
      "integrity": "46ca414091c47b64ddccbac621754713b6261599f559584b8498ee871acff348",
      "dependencies": [
        "jsr:@std/async",
        "jsr:@std/bytes@1",
        "jsr:@std/collections",
        "jsr:@std/io",
        "jsr:@std/random",
        "npm:cluster-key-slot"
      ]
    },
    "@std/async@1.0.9": {
      "integrity": "c6472fd0623b3f3daae023cdf7ca5535e1b721dfbf376562c0c12b3fb4867f91"
    },
    "@std/bytes@1.0.4": {
      "integrity": "11a0debe522707c95c7b7ef89b478c13fb1583a7cfb9a85674cd2cc2e3a28abc"
    },
    "@std/collections@1.0.9": {
      "integrity": "4f58104ead08a04a2199374247f07befe50ba01d9cca8cbb23ab9a0419921e71"
    },
    "@std/io@0.224.5": {
      "integrity": "cb84fe655d1273fca94efcff411465027a8b0b4225203f19d6ee98d9c8920a2d",
      "dependencies": [
        "jsr:@std/bytes@^1.0.2-rc.3"
      ]
    },
    "@std/random@0.1.0": {
      "integrity": "70a006be0ffb77d036bab54aa8ae6bd0119ba77ace0f2f56f63273d4262a5667"
    }
  },
  "npm": {
    "cluster-key-slot@1.1.0": {
      "integrity": "sha512-2Nii8p3RwAPiFwsnZvukotvow2rIHM+yQ6ZcBXGHdniadkYGZYiGmkHJIbZPIV9nfv7m/U1IPMVVcAhoWFeklw=="
    }
  },
  "workspace": {
    "dependencies": [
      "jsr:@db/redis@~0.37.1"
    ]
  }
}
